
Microsoft Visual Studio Solution File, Format Version 12.00
# Visual Studio Version 16
VisualStudioVersion = 16.0.30114.105
MinimumVisualStudioVersion = 10.0.40219.1
Project("{FAE04EC0-301F-11D3-BF4B-00C04F79EFBC}") = "Percobaan6_4211901034", "Percobaan6_4211901034\Percobaan6_4211901034.csproj", "{52493D7D-8E18-4EB2-BBD4-481AAF570E16}"
EndProject
Global
	GlobalSection(SolutionConfigurationPlatforms) = preSolution
		Debug|Any CPU = Debug|Any CPU
		Release|Any CPU = Release|Any CPU
	EndGlobalSection
	GlobalSection(ProjectConfigurationPlatforms) = postSolution
		{52493D7D-8E18-4EB2-BBD4-481AAF570E16}.Debug|Any CPU.ActiveCfg = Debug|Any CPU
		{52493D7D-8E18-4EB2-BBD4-481AAF570E16}.Debug|Any CPU.Build.0 = Debug|Any CPU
		{52493D7D-8E18-4EB2-BBD4-481AAF570E16}.Release|Any CPU.ActiveCfg = Release|Any CPU
		{52493D7D-8E18-4EB2-BBD4-481AAF570E16}.Release|Any CPU.Build.0 = Release|Any CPU
	EndGlobalSection
	GlobalSection(SolutionProperties) = preSolution
		HideSolutionNode = FALSE
	EndGlobalSection
	GlobalSection(ExtensibilityGlobals) = postSolution
		SolutionGuid = {B1B80686-81F4-46B0-8766-754B265D4060}
	EndGlobalSection
EndGlobal
