
Microsoft Visual Studio Solution File, Format Version 12.00
# Visual Studio Version 16
VisualStudioVersion = 16.0.30114.105
MinimumVisualStudioVersion = 10.0.40219.1
Project("{FAE04EC0-301F-11D3-BF4B-00C04F79EFBC}") = "Pertemuan8_4211901034", "Pertemuan8_4211901034\Pertemuan8_4211901034.csproj", "{B7A295D3-7508-4325-AFE3-A9E4F6A11C8B}"
EndProject
Global
	GlobalSection(SolutionConfigurationPlatforms) = preSolution
		Debug|Any CPU = Debug|Any CPU
		Release|Any CPU = Release|Any CPU
	EndGlobalSection
	GlobalSection(ProjectConfigurationPlatforms) = postSolution
		{B7A295D3-7508-4325-AFE3-A9E4F6A11C8B}.Debug|Any CPU.ActiveCfg = Debug|Any CPU
		{B7A295D3-7508-4325-AFE3-A9E4F6A11C8B}.Debug|Any CPU.Build.0 = Debug|Any CPU
		{B7A295D3-7508-4325-AFE3-A9E4F6A11C8B}.Release|Any CPU.ActiveCfg = Release|Any CPU
		{B7A295D3-7508-4325-AFE3-A9E4F6A11C8B}.Release|Any CPU.Build.0 = Release|Any CPU
	EndGlobalSection
	GlobalSection(SolutionProperties) = preSolution
		HideSolutionNode = FALSE
	EndGlobalSection
	GlobalSection(ExtensibilityGlobals) = postSolution
		SolutionGuid = {14E9C798-DA96-41F7-A6C0-2F1736EBC3F1}
	EndGlobalSection
EndGlobal
