
Microsoft Visual Studio Solution File, Format Version 12.00
# Visual Studio Version 16
VisualStudioVersion = 16.0.30114.105
MinimumVisualStudioVersion = 10.0.40219.1
Project("{FAE04EC0-301F-11D3-BF4B-00C04F79EFBC}") = "4211901034", "4211901034\4211901034.csproj", "{32C2E2DE-BBAF-420B-836F-2A0F61875074}"
EndProject
Global
	GlobalSection(SolutionConfigurationPlatforms) = preSolution
		Debug|Any CPU = Debug|Any CPU
		Release|Any CPU = Release|Any CPU
	EndGlobalSection
	GlobalSection(ProjectConfigurationPlatforms) = postSolution
		{32C2E2DE-BBAF-420B-836F-2A0F61875074}.Debug|Any CPU.ActiveCfg = Debug|Any CPU
		{32C2E2DE-BBAF-420B-836F-2A0F61875074}.Debug|Any CPU.Build.0 = Debug|Any CPU
		{32C2E2DE-BBAF-420B-836F-2A0F61875074}.Release|Any CPU.ActiveCfg = Release|Any CPU
		{32C2E2DE-BBAF-420B-836F-2A0F61875074}.Release|Any CPU.Build.0 = Release|Any CPU
	EndGlobalSection
	GlobalSection(SolutionProperties) = preSolution
		HideSolutionNode = FALSE
	EndGlobalSection
	GlobalSection(ExtensibilityGlobals) = postSolution
		SolutionGuid = {3A0102A8-5C1F-4087-88D6-E149D7B030B7}
	EndGlobalSection
EndGlobal
