
Microsoft Visual Studio Solution File, Format Version 12.00
# Visual Studio Version 16
VisualStudioVersion = 16.0.30114.105
MinimumVisualStudioVersion = 10.0.40219.1
Project("{FAE04EC0-301F-11D3-BF4B-00C04F79EFBC}") = "Pertemuan9_4211901034", "Pertemuan9_4211901034\Pertemuan9_4211901034.csproj", "{315C0508-1114-4AF0-A6A5-72090389DAA4}"
EndProject
Global
	GlobalSection(SolutionConfigurationPlatforms) = preSolution
		Debug|Any CPU = Debug|Any CPU
		Release|Any CPU = Release|Any CPU
	EndGlobalSection
	GlobalSection(ProjectConfigurationPlatforms) = postSolution
		{315C0508-1114-4AF0-A6A5-72090389DAA4}.Debug|Any CPU.ActiveCfg = Debug|Any CPU
		{315C0508-1114-4AF0-A6A5-72090389DAA4}.Debug|Any CPU.Build.0 = Debug|Any CPU
		{315C0508-1114-4AF0-A6A5-72090389DAA4}.Release|Any CPU.ActiveCfg = Release|Any CPU
		{315C0508-1114-4AF0-A6A5-72090389DAA4}.Release|Any CPU.Build.0 = Release|Any CPU
	EndGlobalSection
	GlobalSection(SolutionProperties) = preSolution
		HideSolutionNode = FALSE
	EndGlobalSection
	GlobalSection(ExtensibilityGlobals) = postSolution
		SolutionGuid = {527B39F4-8683-4DE9-A352-CF23055B2712}
	EndGlobalSection
EndGlobal
